<?xml version="1.0" encoding="utf-8"?>
<Project ToolsVersion="4.0" xmlns="http://schemas.microsoft.com/developer/msbuild/2003">
  <ItemGroup>
    <Filter Include="Source Files">
      <UniqueIdentifier>{4FC737F1-C7A5-4376-A066-2A32D752A2FF}</UniqueIdentifier>
      <Extensions>cpp;c;cc;cxx;c++;cppm;ixx;def;odl;idl;hpj;bat;asm;asmx</Extensions>
    </Filter>
    <Filter Include="Header Files">
      <UniqueIdentifier>{93995380-89BD-4b04-88EB-625FBE52EBFB}</UniqueIdentifier>
      <Extensions>h;hh;hpp;hxx;h++;hm;inl;inc;ipp;xsd</Extensions>
    </Filter>
    <Filter Include="Resource Files">
      <UniqueIdentifier>{67DA6AB6-F800-4c08-8B7A-83BB121AAD01}</UniqueIdentifier>
      <Extensions>rc;ico;cur;bmp;dlg;rc2;rct;bin;rgs;gif;jpg;jpeg;jpe;resx;tiff;tif;png;wav;mfcribbon-ms</Extensions>
    </Filter>
  </ItemGroup>
  <ItemGroup>
    <ClInclude Include="User Interaction\InteractiveApp.h">
      <Filter>Header Files</Filter>
    </ClInclude>
    <ClInclude Include="Graph and Searchers\BFS_Searcher.h">
      <Filter>Header Files</Filter>
    </ClInclude>
    <ClInclude Include="Graph and Searchers\CSR_Representation.h">
      <Filter>Header Files</Filter>
    </ClInclude>
    <ClInclude Include="Graph and Searchers\CSR_Searcher.h">
      <Filter>Header Files</Filter>
    </ClInclude>
    <ClInclude Include="Graph and Searchers\ErrorCodes.h">
      <Filter>Header Files</Filter>
    </ClInclude>
    <ClInclude Include="Graph and Searchers\Graph.h">
      <Filter>Header Files</Filter>
    </ClInclude>
    <ClInclude Include="Graph and Searchers\Types.h">
      <Filter>Header Files</Filter>
    </ClInclude>
    <ClInclude Include="Tests\test_graph_suite.h">
      <Filter>Header Files</Filter>
    </ClInclude>
    <ClInclude Include="Storage\Crc32.h">
      <Filter>Header Files</Filter>
    </ClInclude>
    <ClInclude Include="Storage\FileHandling.h">
      <Filter>Header Files</Filter>
    </ClInclude>
    <ClInclude Include="Storage\StorageEngine.h">
      <Filter>Header Files</Filter>
    </ClInclude>
    <ClInclude Include="Queries and Graph Handlers\GraphHandler.h">
      <Filter>Header Files</Filter>
    </ClInclude>
    <ClInclude Include="Queries and Graph Handlers\Query.h">
      <Filter>Header Files</Filter>
    </ClInclude>
  </ItemGroup>
  <ItemGroup>
    <None Include="QUERY_REFERENCE.md" />
  </ItemGroup>
  <ItemGroup>
    <ClCompile Include="Tests\test_graph_suite.cpp">
      <Filter>Source Files</Filter>
    </ClCompile>
    <ClCompile Include="User Interaction\InteractiveApp.cpp">
      <Filter>Source Files</Filter>
    </ClCompile>
    <ClCompile Include="User Interaction\Suede_Graph_Database.cpp">
      <Filter>Source Files</Filter>
    </ClCompile>
    <ClCompile Include="Graph and Searchers\BFS_Searcher.cpp">
      <Filter>Source Files</Filter>
    </ClCompile>
    <ClCompile Include="Graph and Searchers\CSR_Representation.cpp">
      <Filter>Source Files</Filter>
    </ClCompile>
    <ClCompile Include="Graph and Searchers\CSR_Searcher.cpp">
      <Filter>Source Files</Filter>
    </ClCompile>
    <ClCompile Include="Graph and Searchers\Graph.cpp">
      <Filter>Source Files</Filter>
    </ClCompile>
    <ClCompile Include="Storage\StorageEngine.cpp">
      <Filter>Source Files</Filter>
    </ClCompile>
    <ClCompile Include="Queries and Graph Handlers\GraphHandler.cpp">
      <Filter>Source Files</Filter>
    </ClCompile>
    <ClCompile Include="Queries and Graph Handlers\Query.cpp">
      <Filter>Source Files</Filter>
    </ClCompile>
  </ItemGroup>
</Project>